# This file is autogenerated, do not edit; changes may be undone by the next 'dep ensure'.


[[projects]]
  digest = "1:f437050b131c1ef54301a6b5f2fb17dc7d6fddb0ecb083ee1740e9b31bf8694a"
  name = "github.com/denisbrodbeck/machineid"
  packages = ["."]
  pruneopts = "UT"
  revision = "f07179bb15a0bec252453468aa607c670f5c12b5"
  version = "v1.0.1"

[[projects]]
  branch = "master"
  digest = "1:4a56a109a6185707d4d820f5188404f9cc1bdecb7b4a905d4edfd91d4137ebdc"
  name = "github.com/go-gl/glfw"
  packages = ["v3.2/glfw"]
  pruneopts = "UT"
  revision = "e6da0acd62b1b57ee2799d4d0a76a7d4514dc5bc"

[[projects]]
  branch = "master"
  digest = "1:62c57507df491b657e9ae2645f30958d9964c8eeb380600469eedc951ebb3a0e"
  name = "github.com/golang/freetype"
  packages = [
    "raster",
    "truetype",
  ]
  pruneopts = "UT"
  revision = "e2365dfdc4a05e4b8299a783240d4a7d5a65d4e4"

[[projects]]
  digest = "1:582b704bebaa06b48c29b0cec224a6058a09c86883aaddabde889cd1a5f73e1b"
  name = "github.com/google/uuid"
  packages = ["."]
  pruneopts = "UT"
  revision = "0cd6bf5da1e1c83f8b45653022c74f71af0538a4"
  version = "v1.1.1"

[[projects]]
  branch = "master"
  digest = "1:f14d1b50e0075fb00177f12a96dd7addf93d1e2883c25befd17285b779549795"
  name = "github.com/gopherjs/gopherjs"
  packages = ["js"]
  pruneopts = "UT"
  revision = "d3ddacdb130fcd23f77a827e3b599804730be6b5"

[[projects]]
  digest = "1:94f6a77a051b8e2c6e8c280ce298dcd1028ed345f2209e630cdc606d59767f97"
  name = "github.com/gopherjs/gopherwasm"
  packages = ["js"]
  pruneopts = "UT"
  revision = "f5a54963d451109f20622db5b6a055569ec6b4c6"
  version = "v1.1.0"

[[projects]]
  digest = "1:24a834b338119dc76b381e9a778762d4061bb66c93b671974aab950b2f1bde05"
  name = "github.com/hajimehoshi/ebiten"
  packages = [
    ".",
    "ebitenutil",
    "ebitenutil/internal/assets",
    "examples/resources/fonts",
    "inpututil",
    "internal/affine",
    "internal/clock",
    "internal/devicescale",
    "internal/glfw",
    "internal/graphics",
    "internal/graphicscommand",
    "internal/graphicsdriver",
    "internal/graphicsdriver/metal",
    "internal/graphicsdriver/metal/ca",
    "internal/graphicsdriver/metal/mtl",
    "internal/graphicsdriver/metal/ns",
    "internal/graphicsdriver/opengl",
    "internal/graphicsdriver/opengl/gl",
    "internal/hooks",
    "internal/input",
    "internal/mainthread",
    "internal/packing",
    "internal/png",
    "internal/restorable",
    "internal/shareable",
    "internal/ui",
    "internal/web",
    "mobile",
    "text",
  ]
  pruneopts = "UT"
  revision = "de341ca9ac939ada6e7c74925e6a56318f1eb5f5"
  version = "v1.9.3"

[[projects]]
  branch = "master"
  digest = "1:b2b628f0a85c926a579b8ce54270f092fd7b2b50dcf1a00c4e0484c5a2ef3511"
  name = "github.com/kyeett/ebitendrawutil"
  packages = ["."]
  pruneopts = "UT"
  revision = "7ad7d5420ec51b98621de22e5b52da137f039162"

[[projects]]
  branch = "master"
  digest = "1:c56b3a4d07f3d9ab3d64f5a194afdbcc85c5027d16ce6819ad0a92a018780657"
  name = "github.com/kyeett/highscore-server"
  packages = [
    "client",
    "model",
  ]
  pruneopts = "UT"
  revision = "57f5a928e04b201066e90c9a490ce15bc0c0e4c9"

[[projects]]
  branch = "master"
  digest = "1:3c6c57feab706fe446a8ceca9edddfb6a07688cbdba866abb534172cb4d15ab8"
  name = "github.com/peterhellberg/gfx"
  packages = ["."]
  pruneopts = "UT"
  revision = "c958e9a89abdafdc21ba239e31accabd104f0260"

[[projects]]
  branch = "master"
  digest = "1:b8ed9539a1ad83f38561c9a9d40bc1ee76e8a5cbe755123f524082cd7fdcb971"
  name = "golang.org/x/exp"
  packages = [
    "shiny/driver/gldriver",
    "shiny/driver/internal/drawer",
    "shiny/driver/internal/errscreen",
    "shiny/driver/internal/event",
    "shiny/driver/internal/lifecycler",
    "shiny/driver/internal/win32",
    "shiny/driver/internal/x11key",
    "shiny/screen",
  ]
  pruneopts = "UT"
  revision = "26a69ce95baf7b14bd41a02adbbe537640ed7707"

[[projects]]
  branch = "master"
  digest = "1:91acf138b12b1b9e08572d78fb71fc235b0322549938acc8aa719e3748f10d7a"
  name = "golang.org/x/image"
  packages = [
    "colornames",
    "font",
    "math/f64",
    "math/fixed",
  ]
  pruneopts = "UT"
  revision = "69e4b8554b2a817a1f0015867f0858d02801f0f5"

[[projects]]
  branch = "master"
  digest = "1:da6d0c6bd0bab62ee6eafdfadb8664c0f66d666859394a88a21f5b6ee6beff90"
  name = "golang.org/x/mobile"
  packages = [
    "app",
    "app/internal/callfn",
    "event/key",
    "event/lifecycle",
    "event/mouse",
    "event/paint",
    "event/size",
    "event/touch",
    "geom",
    "gl",
    "internal/mobileinit",
  ]
  pruneopts = "UT"
  revision = "d3ece3b6da5f6245f5547b975c2a2066b823e311"

[[projects]]
  branch = "master"
  digest = "1:d7b978a787736537d0ad2f84c0e8b75b05c2febef0537198e28edf1cf2768afd"
  name = "golang.org/x/net"
  packages = [
    "html",
    "html/atom",
  ]
  pruneopts = "UT"
  revision = "c00fd9afed17cfdca9b3e1e3b8de7ef2b3f0347b"

[[projects]]
  branch = "master"
  digest = "1:b521f10a2d8fa85c04a8ef4e62f2d1e14d303599a55d64dabf9f5a02f84d35eb"
  name = "golang.org/x/sync"
  packages = ["errgroup"]
  pruneopts = "UT"
  revision = "cd5d95a43a6e21273425c7ae415d3df9ea832eeb"

[[projects]]
  branch = "master"
  digest = "1:9ba1ed29b2623ad46a30cc774c0d40f89c09f8ce9772e221e120541753313ef3"
  name = "golang.org/x/sys"
  packages = [
    "windows",
    "windows/registry",
  ]
  pruneopts = "UT"
  revision = "2837fb4f24fee082b8c39b1a6dc9e0ed9f3fbd4f"

[[projects]]
  branch = "master"
  digest = "1:da6c6c4f3f9e545f56ee4cba81b29e0e18357376c392f3ca98af546820f2d9eb"
  name = "golang.org/x/tools"
  packages = ["go/ast/astutil"]
  pruneopts = "UT"
  revision = "ea99b82c7b93d10d6b83cfbb3543a570b10dd0ac"

[solve-meta]
  analyzer-name = "dep"
  analyzer-version = 1
  input-imports = [
    "github.com/golang/freetype/truetype",
    "github.com/hajimehoshi/ebiten",
    "github.com/hajimehoshi/ebiten/ebitenutil",
    "github.com/hajimehoshi/ebiten/examples/resources/fonts",
    "github.com/hajimehoshi/ebiten/inpututil",
    "github.com/hajimehoshi/ebiten/mobile",
    "github.com/hajimehoshi/ebiten/text",
    "github.com/kyeett/ebitendrawutil",
    "github.com/kyeett/highscore-server/client",
    "github.com/kyeett/highscore-server/model",
    "github.com/peterhellberg/gfx",
    "golang.org/x/image/colornames",
    "golang.org/x/image/font",
  ]
  solver-name = "gps-cdcl"
  solver-version = 1
